// !$*UTF8*$!
{
	archiveVersion = 1;
	classes = {
	};
	objectVersion = 56;
	objects = {

/* Begin PBXBuildFile section */
		BA1F2A732A12426A00457E44 /* AppDelegate.swift in Sources */ = {isa = PBXBuildFile; fileRef = BA1F2A722A12426A00457E44 /* AppDelegate.swift */; };
		BA1F2A752A12426A00457E44 /* SceneDelegate.swift in Sources */ = {isa = PBXBuildFile; fileRef = BA1F2A742A12426A00457E44 /* SceneDelegate.swift */; };
		BA1F2A772A12426A00457E44 /* ViewController.swift in Sources */ = {isa = PBXBuildFile; fileRef = BA1F2A762A12426A00457E44 /* ViewController.swift */; };
		BA1F2A7A2A12426A00457E44 /* Main.storyboard in Resources */ = {isa = PBXBuildFile; fileRef = BA1F2A782A12426A00457E44 /* Main.storyboard */; };
		BA1F2A7C2A12426C00457E44 /* Assets.xcassets in Resources */ = {isa = PBXBuildFile; fileRef = BA1F2A7B2A12426C00457E44 /* Assets.xcassets */; };
		BA1F2A7F2A12426C00457E44 /* LaunchScreen.storyboard in Resources */ = {isa = PBXBuildFile; fileRef = BA1F2A7D2A12426C00457E44 /* LaunchScreen.storyboard */; };
		BA1F2A872A12428E00457E44 /* LocationManager.swift in Sources */ = {isa = PBXBuildFile; fileRef = BA1F2A862A12428E00457E44 /* LocationManager.swift */; };
		BA1F2A892A1242AE00457E44 /* SearchViewController.swift in Sources */ = {isa = PBXBuildFile; fileRef = BA1F2A882A1242AE00457E44 /* SearchViewController.swift */; };
		E418E66A4FFC34C4B07B973D /* Pods_UberLocationSearch.framework in Frameworks */ = {isa = PBXBuildFile; fileRef = BFE3941C747EC86115427B7C /* Pods_UberLocationSearch.framework */; };
/* End PBXBuildFile section */

/* Begin PBXFileReference section */
		1C5C7356B6C2CFAB50AF44D8 /* Pods-UberLocationSearch.release.xcconfig */ = {isa = PBXFileReference; includeInIndex = 1; lastKnownFileType = text.xcconfig; name = "Pods-UberLocationSearch.release.xcconfig"; path = "Target Support Files/Pods-UberLocationSearch/Pods-UberLocationSearch.release.xcconfig"; sourceTree = "<group>"; };
		69CEEE2B04B532FFCADBBC89 /* Pods-UberLocationSearch.debug.xcconfig */ = {isa = PBXFileReference; includeInIndex = 1; lastKnownFileType = text.xcconfig; name = "Pods-UberLocationSearch.debug.xcconfig"; path = "Target Support Files/Pods-UberLocationSearch/Pods-UberLocationSearch.debug.xcconfig"; sourceTree = "<group>"; };
		BA1F2A6F2A12426A00457E44 /* UberLocationSearch.app */ = {isa = PBXFileReference; explicitFileType = wrapper.application; includeInIndex = 0; path = UberLocationSearch.app; sourceTree = BUILT_PRODUCTS_DIR; };
		BA1F2A722A12426A00457E44 /* AppDelegate.swift */ = {isa = PBXFileReference; lastKnownFileType = sourcecode.swift; path = AppDelegate.swift; sourceTree = "<group>"; };
		BA1F2A742A12426A00457E44 /* SceneDelegate.swift */ = {isa = PBXFileReference; lastKnownFileType = sourcecode.swift; path = SceneDelegate.swift; sourceTree = "<group>"; };
		BA1F2A762A12426A00457E44 /* ViewController.swift */ = {isa = PBXFileReference; lastKnownFileType = sourcecode.swift; path = ViewController.swift; sourceTree = "<group>"; };
		BA1F2A792A12426A00457E44 /* Base */ = {isa = PBXFileReference; lastKnownFileType = file.storyboard; name = Base; path = Base.lproj/Main.storyboard; sourceTree = "<group>"; };
		BA1F2A7B2A12426C00457E44 /* Assets.xcassets */ = {isa = PBXFileReference; lastKnownFileType = folder.assetcatalog; path = Assets.xcassets; sourceTree = "<group>"; };
		BA1F2A7E2A12426C00457E44 /* Base */ = {isa = PBXFileReference; lastKnownFileType = file.storyboard; name = Base; path = Base.lproj/LaunchScreen.storyboard; sourceTree = "<group>"; };
		BA1F2A802A12426C00457E44 /* Info.plist */ = {isa = PBXFileReference; lastKnownFileType = text.plist.xml; path = Info.plist; sourceTree = "<group>"; };
		BA1F2A862A12428E00457E44 /* LocationManager.swift */ = {isa = PBXFileReference; lastKnownFileType = sourcecode.swift; path = LocationManager.swift; sourceTree = "<group>"; };
		BA1F2A882A1242AE00457E44 /* SearchViewController.swift */ = {isa = PBXFileReference; lastKnownFileType = sourcecode.swift; path = SearchViewController.swift; sourceTree = "<group>"; };
		BFE3941C747EC86115427B7C /* Pods_UberLocationSearch.framework */ = {isa = PBXFileReference; explicitFileType = wrapper.framework; includeInIndex = 0; path = Pods_UberLocationSearch.framework; sourceTree = BUILT_PRODUCTS_DIR; };
/* End PBXFileReference section */

/* Begin PBXFrameworksBuildPhase section */
		BA1F2A6C2A12426A00457E44 /* Frameworks */ = {
			isa = PBXFrameworksBuildPhase;
			buildActionMask = 2147483647;
			files = (
				E418E66A4FFC34C4B07B973D /* Pods_UberLocationSearch.framework in Frameworks */,
			);
			runOnlyForDeploymentPostprocessing = 0;
		};
/* End PBXFrameworksBuildPhase section */

/* Begin PBXGroup section */
		5C12508B201E8918C8CE31B0 /* Pods */ = {
			isa = PBXGroup;
			children = (
				69CEEE2B04B532FFCADBBC89 /* Pods-UberLocationSearch.debug.xcconfig */,
				1C5C7356B6C2CFAB50AF44D8 /* Pods-UberLocationSearch.release.xcconfig */,
			);
			path = Pods;
			sourceTree = "<group>";
		};
		A35F9C90BFCA0E7BF4FAF6A2 /* Frameworks */ = {
			isa = PBXGroup;
			children = (
				BFE3941C747EC86115427B7C /* Pods_UberLocationSearch.framework */,
			);
			name = Frameworks;
			sourceTree = "<group>";
		};
		BA1F2A662A12426A00457E44 = {
			isa = PBXGroup;
			children = (
				BA1F2A712A12426A00457E44 /* UberLocationSearch */,
				BA1F2A702A12426A00457E44 /* Products */,
				5C12508B201E8918C8CE31B0 /* Pods */,
				A35F9C90BFCA0E7BF4FAF6A2 /* Frameworks */,
			);
			sourceTree = "<group>";
		};
		BA1F2A702A12426A00457E44 /* Products */ = {
			isa = PBXGroup;
			children = (
				BA1F2A6F2A12426A00457E44 /* UberLocationSearch.app */,
			);
			name = Products;
			sourceTree = "<group>";
		};
		BA1F2A712A12426A00457E44 /* UberLocationSearch */ = {
			isa = PBXGroup;
			children = (
				BA1F2A722A12426A00457E44 /* AppDelegate.swift */,
				BA1F2A742A12426A00457E44 /* SceneDelegate.swift */,
				BA1F2A762A12426A00457E44 /* ViewController.swift */,
				BA1F2A862A12428E00457E44 /* LocationManager.swift */,
				BA1F2A882A1242AE00457E44 /* SearchViewController.swift */,
				BA1F2A7B2A12426C00457E44 /* Assets.xcassets */,
				BA1F2A782A12426A00457E44 /* Main.storyboard */,
				BA1F2A7D2A12426C00457E44 /* LaunchScreen.storyboard */,
				BA1F2A802A12426C00457E44 /* Info.plist */,
			);
			path = UberLocationSearch;
			sourceTree = "<group>";
		};
/* End PBXGroup section */

/* Begin PBXNativeTarget section */
		BA1F2A6E2A12426A00457E44 /* UberLocationSearch */ = {
			isa = PBXNativeTarget;
			buildConfigurationList = BA1F2A832A12426C00457E44 /* Build configuration list for PBXNativeTarget "UberLocationSearch" */;
			buildPhases = (
				D6425546DE6DFF35096673AD /* [CP] Check Pods Manifest.lock */,
				BA1F2A6B2A12426A00457E44 /* Sources */,
				BA1F2A6C2A12426A00457E44 /* Frameworks */,
				BA1F2A6D2A12426A00457E44 /* Resources */,
				85924FA6ACEA9BE666B1A8E3 /* [CP] Embed Pods Frameworks */,
			);
			buildRules = (
			);
			dependencies = (
			);
			name = UberLocationSearch;
			productName = UberLocationSearch;
			productReference = BA1F2A6F2A12426A00457E44 /* UberLocationSearch.app */;
			productType = "com.apple.product-type.application";
		};
/* End PBXNativeTarget section */

/* Begin PBXProject section */
		BA1F2A672A12426A00457E44 /* Project object */ = {
			isa = PBXProject;
			attributes = {
				BuildIndependentTargetsInParallel = 1;
				LastSwiftUpdateCheck = 1430;
				LastUpgradeCheck = 1430;
				TargetAttributes = {
					BA1F2A6E2A12426A00457E44 = {
						CreatedOnToolsVersion = 14.3;
					};
				};
			};
			buildConfigurationList = BA1F2A6A2A12426A00457E44 /* Build configuration list for PBXProject "UberLocationSearch" */;
			compatibilityVersion = "Xcode 14.0";
			developmentRegion = en;
			hasScannedForEncodings = 0;
			knownRegions = (
				en,
				Base,
			);
			mainGroup = BA1F2A662A12426A00457E44;
			productRefGroup = BA1F2A702A12426A00457E44 /* Products */;
			projectDirPath = "";
			projectRoot = "";
			targets = (
				BA1F2A6E2A12426A00457E44 /* UberLocationSearch */,
			);
		};
/* End PBXProject section */

/* Begin PBXResourcesBuildPhase section */
		BA1F2A6D2A12426A00457E44 /* Resources */ = {
			isa = PBXResourcesBuildPhase;
			buildActionMask = 2147483647;
			files = (
				BA1F2A7F2A12426C00457E44 /* LaunchScreen.storyboard in Resources */,
				BA1F2A7C2A12426C00457E44 /* Assets.xcassets in Resources */,
				BA1F2A7A2A12426A00457E44 /* Main.storyboard in Resources */,
			);
			runOnlyForDeploymentPostprocessing = 0;
		};
/* End PBXResourcesBuildPhase section */

/* Begin PBXShellScriptBuildPhase section */
		85924FA6ACEA9BE666B1A8E3 /* [CP] Embed Pods Frameworks */ = {
			isa = PBXShellScriptBuildPhase;
			buildActionMask = 2147483647;
			files = (
			);
			inputFileListPaths = (
				"${PODS_ROOT}/Target Support Files/Pods-UberLocationSearch/Pods-UberLocationSearch-frameworks-${CONFIGURATION}-input-files.xcfilelist",
			);
			name = "[CP] Embed Pods Frameworks";
			outputFileListPaths = (
				"${PODS_ROOT}/Target Support Files/Pods-UberLocationSearch/Pods-UberLocationSearch-frameworks-${CONFIGURATION}-output-files.xcfilelist",
			);
			runOnlyForDeploymentPostprocessing = 0;
			shellPath = /bin/sh;
			shellScript = "\"${PODS_ROOT}/Target Support Files/Pods-UberLocationSearch/Pods-UberLocationSearch-frameworks.sh\"\n";
			showEnvVarsInLog = 0;
		};
		D6425546DE6DFF35096673AD /* [CP] Check Pods Manifest.lock */ = {
			isa = PBXShellScriptBuildPhase;
			buildActionMask = 2147483647;
			files = (
			);
			inputFileListPaths = (
			);
			inputPaths = (
				"${PODS_PODFILE_DIR_PATH}/Podfile.lock",
				"${PODS_ROOT}/Manifest.lock",
			);
			name = "[CP] Check Pods Manifest.lock";
			outputFileListPaths = (
			);
			outputPaths = (
				"$(DERIVED_FILE_DIR)/Pods-UberLocationSearch-checkManifestLockResult.txt",
			);
			runOnlyForDeploymentPostprocessing = 0;
			shellPath = /bin/sh;
			shellScript = "diff \"${PODS_PODFILE_DIR_PATH}/Podfile.lock\" \"${PODS_ROOT}/Manifest.lock\" > /dev/null\nif [ $? != 0 ] ; then\n    # print error to STDERR\n    echo \"error: The sandbox is not in sync with the Podfile.lock. Run 'pod install' or update your CocoaPods installation.\" >&2\n    exit 1\nfi\n# This output is used by Xcode 'outputs' to avoid re-running this script phase.\necho \"SUCCESS\" > \"${SCRIPT_OUTPUT_FILE_0}\"\n";
			showEnvVarsInLog = 0;
		};
/* End PBXShellScriptBuildPhase section */

/* Begin PBXSourcesBuildPhase section */
		BA1F2A6B2A12426A00457E44 /* Sources */ = {
			isa = PBXSourcesBuildPhase;
			buildActionMask = 2147483647;
			files = (
				BA1F2A892A1242AE00457E44 /* SearchViewController.swift in Sources */,
				BA1F2A872A12428E00457E44 /* LocationManager.swift in Sources */,
				BA1F2A772A12426A00457E44 /* ViewController.swift in Sources */,
				BA1F2A732A12426A00457E44 /* AppDelegate.swift in Sources */,
				BA1F2A752A12426A00457E44 /* SceneDelegate.swift in Sources */,
			);
			runOnlyForDeploymentPostprocessing = 0;
		};
/* End PBXSourcesBuildPhase section */

/* Begin PBXVariantGroup section */
		BA1F2A782A12426A00457E44 /* Main.storyboard */ = {
			isa = PBXVariantGroup;
			children = (
				BA1F2A792A12426A00457E44 /* Base */,
			);
			name = Main.storyboard;
			sourceTree = "<group>";
		};
		BA1F2A7D2A12426C00457E44 /* LaunchScreen.storyboard */ = {
			isa = PBXVariantGroup;
			children = (
				BA1F2A7E2A12426C00457E44 /* Base */,
			);
			name = LaunchScreen.storyboard;
			sourceTree = "<group>";
		};
/* End PBXVariantGroup section */

/* Begin XCBuildConfiguration section */
		BA1F2A812A12426C00457E44 /* Debug */ = {
			isa = XCBuildConfiguration;
			buildSettings = {
				ALWAYS_SEARCH_USER_PATHS = NO;
				CLANG_ANALYZER_NONNULL = YES;
				CLANG_ANALYZER_NUMBER_OBJECT_CONVERSION = YES_AGGRESSIVE;
				CLANG_CXX_LANGUAGE_STANDARD = "gnu++20";
				CLANG_ENABLE_MODULES = YES;
				CLANG_ENABLE_OBJC_ARC = YES;
				CLANG_ENABLE_OBJC_WEAK = YES;
				CLANG_WARN_BLOCK_CAPTURE_AUTORELEASING = YES;
				CLANG_WARN_BOOL_CONVERSION = YES;
				CLANG_WARN_COMMA = YES;
				CLANG_WARN_CONSTANT_CONVERSION = YES;
				CLANG_WARN_DEPRECATED_OBJC_IMPLEMENTATIONS = YES;
				CLANG_WARN_DIRECT_OBJC_ISA_USAGE = YES_ERROR;
				CLANG_WARN_DOCUMENTATION_COMMENTS = YES;
				CLANG_WARN_EMPTY_BODY = YES;
				CLANG_WARN_ENUM_CONVERSION = YES;
				CLANG_WARN_INFINITE_RECURSION = YES;
				CLANG_WARN_INT_CONVERSION = YES;
				CLANG_WARN_NON_LITERAL_NULL_CONVERSION = YES;
				CLANG_WARN_OBJC_IMPLICIT_RETAIN_SELF = YES;
				CLANG_WARN_OBJC_LITERAL_CONVERSION = YES;
				CLANG_WARN_OBJC_ROOT_CLASS = YES_ERROR;
				CLANG_WARN_QUOTED_INCLUDE_IN_FRAMEWORK_HEADER = YES;
				CLANG_WARN_RANGE_LOOP_ANALYSIS = YES;
				CLANG_WARN_STRICT_PROTOTYPES = YES;
				CLANG_WARN_SUSPICIOUS_MOVE = YES;
				CLANG_WARN_UNGUARDED_AVAILABILITY = YES_AGGRESSIVE;
				CLANG_WARN_UNREACHABLE_CODE = YES;
				CLANG_WARN__DUPLICATE_METHOD_MATCH = YES;
				COPY_PHASE_STRIP = NO;
				DEBUG_INFORMATION_FORMAT = dwarf;
				ENABLE_STRICT_OBJC_MSGSEND = YES;
				ENABLE_TESTABILITY = YES;
				GCC_C_LANGUAGE_STANDARD = gnu11;
				GCC_DYNAMIC_NO_PIC = NO;
				GCC_NO_COMMON_BLOCKS = YES;
				GCC_OPTIMIZATION_LEVEL = 0;
				GCC_PREPROCESSOR_DEFINITIONS = (
					"DEBUG=1",
					"$(inherited)",
				);
				GCC_WARN_64_TO_32_BIT_CONVERSION = YES;
				GCC_WARN_ABOUT_RETURN_TYPE = YES_ERROR;
				GCC_WARN_UNDECLARED_SELECTOR = YES;
				GCC_WARN_UNINITIALIZED_AUTOS = YES_AGGRESSIVE;
				GCC_WARN_UNUSED_FUNCTION = YES;
				GCC_WARN_UNUSED_VARIABLE = YES;
				IPHONEOS_DEPLOYMENT_TARGET = 16.4;
				MTL_ENABLE_DEBUG_INFO = INCLUDE_SOURCE;
				MTL_FAST_MATH = YES;
				ONLY_ACTIVE_ARCH = YES;
				SDKROOT = iphoneos;
				SWIFT_ACTIVE_COMPILATION_CONDITIONS = DEBUG;
				SWIFT_OPTIMIZATION_LEVEL = "-Onone";
			};
			name = Debug;
		};
		BA1F2A822A12426C00457E44 /* Release */ = {
			isa = XCBuildConfiguration;
			buildSettings = {
				ALWAYS_SEARCH_USER_PATHS = NO;
				CLANG_ANALYZER_NONNULL = YES;
				CLANG_ANALYZER_NUMBER_OBJECT_CONVERSION = YES_AGGRESSIVE;
				CLANG_CXX_LANGUAGE_STANDARD = "gnu++20";
				CLANG_ENABLE_MODULES = YES;
				CLANG_ENABLE_OBJC_ARC = YES;
				CLANG_ENABLE_OBJC_WEAK = YES;
				CLANG_WARN_BLOCK_CAPTURE_AUTORELEASING = YES;
				CLANG_WARN_BOOL_CONVERSION = YES;
				CLANG_WARN_COMMA = YES;
				CLANG_WARN_CONSTANT_CONVERSION = YES;
				CLANG_WARN_DEPRECATED_OBJC_IMPLEMENTATIONS = YES;
				CLANG_WARN_DIRECT_OBJC_ISA_USAGE = YES_ERROR;
				CLANG_WARN_DOCUMENTATION_COMMENTS = YES;
				CLANG_WARN_EMPTY_BODY = YES;
				CLANG_WARN_ENUM_CONVERSION = YES;
				CLANG_WARN_INFINITE_RECURSION = YES;
				CLANG_WARN_INT_CONVERSION = YES;
				CLANG_WARN_NON_LITERAL_NULL_CONVERSION = YES;
				CLANG_WARN_OBJC_IMPLICIT_RETAIN_SELF = YES;
				CLANG_WARN_OBJC_LITERAL_CONVERSION = YES;
				CLANG_WARN_OBJC_ROOT_CLASS = YES_ERROR;
				CLANG_WARN_QUOTED_INCLUDE_IN_FRAMEWORK_HEADER = YES;
				CLANG_WARN_RANGE_LOOP_ANALYSIS = YES;
				CLANG_WARN_STRICT_PROTOTYPES = YES;
				CLANG_WARN_SUSPICIOUS_MOVE = YES;
				CLANG_WARN_UNGUARDED_AVAILABILITY = YES_AGGRESSIVE;
				CLANG_WARN_UNREACHABLE_CODE = YES;
				CLANG_WARN__DUPLICATE_METHOD_MATCH = YES;
				COPY_PHASE_STRIP = NO;
				DEBUG_INFORMATION_FORMAT = "dwarf-with-dsym";
				ENABLE_NS_ASSERTIONS = NO;
				ENABLE_STRICT_OBJC_MSGSEND = YES;
				GCC_C_LANGUAGE_STANDARD = gnu11;
				GCC_NO_COMMON_BLOCKS = YES;
				GCC_WARN_64_TO_32_BIT_CONVERSION = YES;
				GCC_WARN_ABOUT_RETURN_TYPE = YES_ERROR;
				GCC_WARN_UNDECLARED_SELECTOR = YES;
				GCC_WARN_UNINITIALIZED_AUTOS = YES_AGGRESSIVE;
				GCC_WARN_UNUSED_FUNCTION = YES;
				GCC_WARN_UNUSED_VARIABLE = YES;
				IPHONEOS_DEPLOYMENT_TARGET = 16.4;
				MTL_ENABLE_DEBUG_INFO = NO;
				MTL_FAST_MATH = YES;
				SDKROOT = iphoneos;
				SWIFT_COMPILATION_MODE = wholemodule;
				SWIFT_OPTIMIZATION_LEVEL = "-O";
				VALIDATE_PRODUCT = YES;
			};
			name = Release;
		};
		BA1F2A842A12426C00457E44 /* Debug */ = {
			isa = XCBuildConfiguration;
			baseConfigurationReference = 69CEEE2B04B532FFCADBBC89 /* Pods-UberLocationSearch.debug.xcconfig */;
			buildSettings = {
				ASSETCATALOG_COMPILER_APPICON_NAME = AppIcon;
				ASSETCATALOG_COMPILER_GLOBAL_ACCENT_COLOR_NAME = AccentColor;
				CODE_SIGN_STYLE = Automatic;
				CURRENT_PROJECT_VERSION = 1;
				GENERATE_INFOPLIST_FILE = YES;
				INFOPLIST_FILE = UberLocationSearch/Info.plist;
				INFOPLIST_KEY_UIApplicationSupportsIndirectInputEvents = YES;
				INFOPLIST_KEY_UILaunchStoryboardName = LaunchScreen;
				INFOPLIST_KEY_UIMainStoryboardFile = Main;
				INFOPLIST_KEY_UISupportedInterfaceOrientations_iPad = "UIInterfaceOrientationPortrait UIInterfaceOrientationPortraitUpsideDown UIInterfaceOrientationLandscapeLeft UIInterfaceOrientationLandscapeRight";
				INFOPLIST_KEY_UISupportedInterfaceOrientations_iPhone = "UIInterfaceOrientationPortrait UIInterfaceOrientationLandscapeLeft UIInterfaceOrientationLandscapeRight";
				LD_RUNPATH_SEARCH_PATHS = (
					"$(inherited)",
					"@executable_path/Frameworks",
				);
				MARKETING_VERSION = 1.0;
				PRODUCT_BUNDLE_IDENTIFIER = com.nazar.UberLocationSearch;
				PRODUCT_NAME = "$(TARGET_NAME)";
				SWIFT_EMIT_LOC_STRINGS = YES;
				SWIFT_VERSION = 5.0;
				TARGETED_DEVICE_FAMILY = "1,2";
			};
			name = Debug;
		};
		BA1F2A852A12426C00457E44 /* Release */ = {
			isa = XCBuildConfiguration;
			baseConfigurationReference = 1C5C7356B6C2CFAB50AF44D8 /* Pods-UberLocationSearch.release.xcconfig */;
			buildSettings = {
				ASSETCATALOG_COMPILER_APPICON_NAME = AppIcon;
				ASSETCATALOG_COMPILER_GLOBAL_ACCENT_COLOR_NAME = AccentColor;
				CODE_SIGN_STYLE = Automatic;
				CURRENT_PROJECT_VERSION = 1;
				GENERATE_INFOPLIST_FILE = YES;
				INFOPLIST_FILE = UberLocationSearch/Info.plist;
				INFOPLIST_KEY_UIApplicationSupportsIndirectInputEvents = YES;
				INFOPLIST_KEY_UILaunchStoryboardName = LaunchScreen;
				INFOPLIST_KEY_UIMainStoryboardFile = Main;
				INFOPLIST_KEY_UISupportedInterfaceOrientations_iPad = "UIInterfaceOrientationPortrait UIInterfaceOrientationPortraitUpsideDown UIInterfaceOrientationLandscapeLeft UIInterfaceOrientationLandscapeRight";
				INFOPLIST_KEY_UISupportedInterfaceOrientations_iPhone = "UIInterfaceOrientationPortrait UIInterfaceOrientationLandscapeLeft UIInterfaceOrientationLandscapeRight";
				LD_RUNPATH_SEARCH_PATHS = (
					"$(inherited)",
					"@executable_path/Frameworks",
				);
				MARKETING_VERSION = 1.0;
				PRODUCT_BUNDLE_IDENTIFIER = com.nazar.UberLocationSearch;
				PRODUCT_NAME = "$(TARGET_NAME)";
				SWIFT_EMIT_LOC_STRINGS = YES;
				SWIFT_VERSION = 5.0;
				TARGETED_DEVICE_FAMILY = "1,2";
			};
			name = Release;
		};
/* End XCBuildConfiguration section */

/* Begin XCConfigurationList section */
		BA1F2A6A2A12426A00457E44 /* Build configuration list for PBXProject "UberLocationSearch" */ = {
			isa = XCConfigurationList;
			buildConfigurations = (
				BA1F2A812A12426C00457E44 /* Debug */,
				BA1F2A822A12426C00457E44 /* Release */,
			);
			defaultConfigurationIsVisible = 0;
			defaultConfigurationName = Release;
		};
		BA1F2A832A12426C00457E44 /* Build configuration list for PBXNativeTarget "UberLocationSearch" */ = {
			isa = XCConfigurationList;
			buildConfigurations = (
				BA1F2A842A12426C00457E44 /* Debug */,
				BA1F2A852A12426C00457E44 /* Release */,
			);
			defaultConfigurationIsVisible = 0;
			defaultConfigurationName = Release;
		};
/* End XCConfigurationList section */
	};
	rootObject = BA1F2A672A12426A00457E44 /* Project object */;
}
